
Microsoft Visual Studio Solution File, Format Version 12.00
# Visual Studio Version 17
VisualStudioVersion = 17.0.31903.59
MinimumVisualStudioVersion = 10.0.40219.1
Project("{FAE04EC0-301F-11D3-BF4B-00C04F79EFBC}") = "DIKUArcade", "DIKUArcade\DIKUArcade.csproj", "{AA9C1667-FE30-444C-81FC-1C054E0E1AD1}"
EndProject
Project("{FAE04EC0-301F-11D3-BF4B-00C04F79EFBC}") = "DIKUArcadeUnitTests", "DIKUArcadeUnitTests\DIKUArcadeUnitTests.csproj", "{F040F02A-8E92-4769-B62D-A676D5980958}"
EndProject
Project("{FAE04EC0-301F-11D3-BF4B-00C04F79EFBC}") = "TestDIKUArcade", "TestDIKUArcade\TestDIKUArcade.csproj", "{41BE7AB6-9611-4D99-8574-B5F6EEEE2D50}"
EndProject
Global
	GlobalSection(SolutionConfigurationPlatforms) = preSolution
		Debug|Any CPU = Debug|Any CPU
		Release|Any CPU = Release|Any CPU
	EndGlobalSection
	GlobalSection(SolutionProperties) = preSolution
		HideSolutionNode = FALSE
	EndGlobalSection
	GlobalSection(ProjectConfigurationPlatforms) = postSolution
		{AA9C1667-FE30-444C-81FC-1C054E0E1AD1}.Debug|Any CPU.ActiveCfg = Debug|Any CPU
		{AA9C1667-FE30-444C-81FC-1C054E0E1AD1}.Debug|Any CPU.Build.0 = Debug|Any CPU
		{AA9C1667-FE30-444C-81FC-1C054E0E1AD1}.Release|Any CPU.ActiveCfg = Release|Any CPU
		{AA9C1667-FE30-444C-81FC-1C054E0E1AD1}.Release|Any CPU.Build.0 = Release|Any CPU
		{F040F02A-8E92-4769-B62D-A676D5980958}.Debug|Any CPU.ActiveCfg = Debug|Any CPU
		{F040F02A-8E92-4769-B62D-A676D5980958}.Debug|Any CPU.Build.0 = Debug|Any CPU
		{F040F02A-8E92-4769-B62D-A676D5980958}.Release|Any CPU.ActiveCfg = Release|Any CPU
		{F040F02A-8E92-4769-B62D-A676D5980958}.Release|Any CPU.Build.0 = Release|Any CPU
		{41BE7AB6-9611-4D99-8574-B5F6EEEE2D50}.Debug|Any CPU.ActiveCfg = Debug|Any CPU
		{41BE7AB6-9611-4D99-8574-B5F6EEEE2D50}.Debug|Any CPU.Build.0 = Debug|Any CPU
		{41BE7AB6-9611-4D99-8574-B5F6EEEE2D50}.Release|Any CPU.ActiveCfg = Release|Any CPU
		{41BE7AB6-9611-4D99-8574-B5F6EEEE2D50}.Release|Any CPU.Build.0 = Release|Any CPU
	EndGlobalSection
EndGlobal
