
Microsoft Visual Studio Solution File, Format Version 12.00
# Visual Studio Version 17
VisualStudioVersion = 17.5.002.0
MinimumVisualStudioVersion = 10.0.40219.1
Project("{9A19103F-16F7-4668-BE54-9A1E7A4F7556}") = "DIKUArcade", "DIKUArcade.csproj", "{D548D92E-2551-4480-AFFD-B7FDA2848E3F}"
EndProject
Global
	GlobalSection(SolutionConfigurationPlatforms) = preSolution
		Debug|Any CPU = Debug|Any CPU
		Release|Any CPU = Release|Any CPU
	EndGlobalSection
	GlobalSection(ProjectConfigurationPlatforms) = postSolution
		{D548D92E-2551-4480-AFFD-B7FDA2848E3F}.Debug|Any CPU.ActiveCfg = Debug|Any CPU
		{D548D92E-2551-4480-AFFD-B7FDA2848E3F}.Debug|Any CPU.Build.0 = Debug|Any CPU
		{D548D92E-2551-4480-AFFD-B7FDA2848E3F}.Release|Any CPU.ActiveCfg = Release|Any CPU
		{D548D92E-2551-4480-AFFD-B7FDA2848E3F}.Release|Any CPU.Build.0 = Release|Any CPU
	EndGlobalSection
	GlobalSection(SolutionProperties) = preSolution
		HideSolutionNode = FALSE
	EndGlobalSection
	GlobalSection(ExtensibilityGlobals) = postSolution
		SolutionGuid = {44FC5DAE-3765-4F27-BB20-DE1BA66A2CAF}
	EndGlobalSection
EndGlobal
